
Microsoft Visual Studio Solution File, Format Version 12.00
# Visual Studio Version 16
VisualStudioVersion = 16.0.32630.194
MinimumVisualStudioVersion = 10.0.40219.1
Project("{2150E333-8FDC-42A3-9474-1A3956D46DE8}") = "Services", "Services", "{9974DB1C-B109-4B8F-AA3C-CDA60285EB08}"
EndProject
Project("{2150E333-8FDC-42A3-9474-1A3956D46DE8}") = "Catalog", "Catalog", "{9D974FE4-98B2-4B15-8FBA-0C6F1A86F455}"
EndProject
Project("{FAE04EC0-301F-11D3-BF4B-00C04F79EFBC}") = "CatalogAPI", "Services\Catalog\CatalogAPI\CatalogAPI.csproj", "{B28948C0-88A5-40FC-85EA-F93A73C12CFE}"
EndProject
Global
	GlobalSection(SolutionConfigurationPlatforms) = preSolution
		Debug|Any CPU = Debug|Any CPU
		Release|Any CPU = Release|Any CPU
	EndGlobalSection
	GlobalSection(ProjectConfigurationPlatforms) = postSolution
		{B28948C0-88A5-40FC-85EA-F93A73C12CFE}.Debug|Any CPU.ActiveCfg = Debug|Any CPU
		{B28948C0-88A5-40FC-85EA-F93A73C12CFE}.Debug|Any CPU.Build.0 = Debug|Any CPU
		{B28948C0-88A5-40FC-85EA-F93A73C12CFE}.Release|Any CPU.ActiveCfg = Release|Any CPU
		{B28948C0-88A5-40FC-85EA-F93A73C12CFE}.Release|Any CPU.Build.0 = Release|Any CPU
	EndGlobalSection
	GlobalSection(SolutionProperties) = preSolution
		HideSolutionNode = FALSE
	EndGlobalSection
	GlobalSection(NestedProjects) = preSolution
		{9D974FE4-98B2-4B15-8FBA-0C6F1A86F455} = {9974DB1C-B109-4B8F-AA3C-CDA60285EB08}
		{B28948C0-88A5-40FC-85EA-F93A73C12CFE} = {9D974FE4-98B2-4B15-8FBA-0C6F1A86F455}
	EndGlobalSection
	GlobalSection(ExtensibilityGlobals) = postSolution
		SolutionGuid = {D13EE7EF-BDEE-4C68-BA14-F048D1DA3412}
	EndGlobalSection
EndGlobal
